
Microsoft Visual Studio Solution File, Format Version 12.00
# Visual Studio Version 16
VisualStudioVersion = 16.0.30114.105
MinimumVisualStudioVersion = 10.0.40219.1
Project("{9A19103F-16F7-4668-BE54-9A1E7A4F7556}") = "DiscordGameEngine", "DiscordGameEngineBot\DiscordGameEngine.csproj", "{FD0708DE-88F0-4446-B356-4205AEE9535E}"
EndProject
Project("{2150E333-8FDC-42A3-9474-1A3956D46DE8}") = "Solution Items", "Solution Items", "{667B36C7-F32D-415B-BA93-DC5160CA983F}"
	ProjectSection(SolutionItems) = preProject
		README.md = README.md
	EndProjectSection
EndProject
Project("{9A19103F-16F7-4668-BE54-9A1E7A4F7556}") = "DiscordGameEnginePlus", "DiscordGameEnginePlus\DiscordGameEnginePlus.csproj", "{3BF9EC68-852D-4F07-A944-E5CE5E93B35D}"
EndProject
Project("{9A19103F-16F7-4668-BE54-9A1E7A4F7556}") = "DiscordGameEngineProgram", "DiscordGameEngineProgram\DiscordGameEngineProgram.csproj", "{E913FBA9-D2B0-457D-8243-9066A9B3A2F3}"
EndProject
Project("{FAE04EC0-301F-11D3-BF4B-00C04F79EFBC}") = "NothenderDGE", "NothenderDGE\NothenderDGE.csproj", "{ADDADF22-016A-4A11-8C3D-C8AF0AC4130A}"
EndProject
Global
	GlobalSection(SolutionConfigurationPlatforms) = preSolution
		Debug|Any CPU = Debug|Any CPU
		Release|Any CPU = Release|Any CPU
	EndGlobalSection
	GlobalSection(ProjectConfigurationPlatforms) = postSolution
		{FD0708DE-88F0-4446-B356-4205AEE9535E}.Debug|Any CPU.ActiveCfg = Debug|Any CPU
		{FD0708DE-88F0-4446-B356-4205AEE9535E}.Debug|Any CPU.Build.0 = Debug|Any CPU
		{FD0708DE-88F0-4446-B356-4205AEE9535E}.Release|Any CPU.ActiveCfg = Release|Any CPU
		{FD0708DE-88F0-4446-B356-4205AEE9535E}.Release|Any CPU.Build.0 = Release|Any CPU
		{3BF9EC68-852D-4F07-A944-E5CE5E93B35D}.Debug|Any CPU.ActiveCfg = Debug|Any CPU
		{3BF9EC68-852D-4F07-A944-E5CE5E93B35D}.Debug|Any CPU.Build.0 = Debug|Any CPU
		{3BF9EC68-852D-4F07-A944-E5CE5E93B35D}.Release|Any CPU.ActiveCfg = Release|Any CPU
		{3BF9EC68-852D-4F07-A944-E5CE5E93B35D}.Release|Any CPU.Build.0 = Release|Any CPU
		{E913FBA9-D2B0-457D-8243-9066A9B3A2F3}.Debug|Any CPU.ActiveCfg = Debug|Any CPU
		{E913FBA9-D2B0-457D-8243-9066A9B3A2F3}.Debug|Any CPU.Build.0 = Debug|Any CPU
		{E913FBA9-D2B0-457D-8243-9066A9B3A2F3}.Release|Any CPU.ActiveCfg = Release|Any CPU
		{E913FBA9-D2B0-457D-8243-9066A9B3A2F3}.Release|Any CPU.Build.0 = Release|Any CPU
		{ADDADF22-016A-4A11-8C3D-C8AF0AC4130A}.Debug|Any CPU.ActiveCfg = Debug|Any CPU
		{ADDADF22-016A-4A11-8C3D-C8AF0AC4130A}.Debug|Any CPU.Build.0 = Debug|Any CPU
		{ADDADF22-016A-4A11-8C3D-C8AF0AC4130A}.Release|Any CPU.ActiveCfg = Release|Any CPU
		{ADDADF22-016A-4A11-8C3D-C8AF0AC4130A}.Release|Any CPU.Build.0 = Release|Any CPU
	EndGlobalSection
	GlobalSection(SolutionProperties) = preSolution
		HideSolutionNode = FALSE
	EndGlobalSection
	GlobalSection(ExtensibilityGlobals) = postSolution
		SolutionGuid = {5781B0EC-10AC-4828-A3A6-3408D38B5A7E}
	EndGlobalSection
EndGlobal
